{
  "version": 4,
  "terraform_version": "1.3.3",
  "serial": 34,
  "lineage": "17df2018-fdb5-7236-035d-c1139c52a566",
  "outputs": {},
  "resources": [
    {
      "mode": "managed",
      "type": "aws_instance",
      "name": "mysql-server",
      "provider": "provider[\"registry.terraform.io/hashicorp/aws\"]",
      "instances": [
        {
          "schema_version": 1,
          "attributes": {
            "ami": "ami-070b208e993b59cea",
            "arn": "arn:aws:ec2:eu-central-1:277441849745:instance/i-0d808efc7896e3e38",
            "associate_public_ip_address": false,
            "availability_zone": "eu-central-1c",
            "capacity_reservation_specification": [
              {
                "capacity_reservation_preference": "open",
                "capacity_reservation_target": []
              }
            ],
            "cpu_core_count": 1,
            "cpu_threads_per_core": 1,
            "credit_specification": [
              {
                "cpu_credits": "standard"
              }
            ],
            "disable_api_stop": false,
            "disable_api_termination": false,
            "ebs_block_device": [],
            "ebs_optimized": false,
            "enclave_options": [
              {
                "enabled": false
              }
            ],
            "ephemeral_block_device": [],
            "get_password_data": false,
            "hibernation": false,
            "host_id": null,
            "host_resource_group_arn": null,
            "iam_instance_profile": "",
            "id": "i-0d808efc7896e3e38",
            "instance_initiated_shutdown_behavior": "stop",
            "instance_state": "running",
            "instance_type": "t2.micro",
            "ipv6_address_count": 0,
            "ipv6_addresses": [],
            "key_name": "",
            "launch_template": [],
            "maintenance_options": [
              {
                "auto_recovery": "default"
              }
            ],
            "metadata_options": [
              {
                "http_endpoint": "enabled",
                "http_put_response_hop_limit": 1,
                "http_tokens": "optional",
                "instance_metadata_tags": "disabled"
              }
            ],
            "monitoring": false,
            "network_interface": [],
            "outpost_arn": "",
            "password_data": "",
            "placement_group": "",
            "placement_partition_number": null,
            "primary_network_interface_id": "eni-038e2efc04d6c9114",
            "private_dns": "ip-172-16-1-146.eu-central-1.compute.internal",
            "private_dns_name_options": [
              {
                "enable_resource_name_dns_a_record": false,
                "enable_resource_name_dns_aaaa_record": false,
                "hostname_type": "ip-name"
              }
            ],
            "private_ip": "172.16.1.146",
            "public_dns": "",
            "public_ip": "",
            "root_block_device": [
              {
                "delete_on_termination": true,
                "device_name": "/dev/xvda",
                "encrypted": false,
                "iops": 100,
                "kms_key_id": "",
                "tags": {},
                "throughput": 0,
                "volume_id": "vol-0ad184d1903d05b5d",
                "volume_size": 8,
                "volume_type": "gp2"
              }
            ],
            "secondary_private_ips": [],
            "security_groups": [],
            "source_dest_check": true,
            "subnet_id": "subnet-022d8dd0e08511305",
            "tags": {
              "Name": "ec2-database"
            },
            "tags_all": {
              "Name": "ec2-database"
            },
            "tenancy": "default",
            "timeouts": null,
            "user_data": null,
            "user_data_base64": null,
            "user_data_replace_on_change": false,
            "volume_tags": null,
            "vpc_security_group_ids": [
              "sg-01555bccd5b4c1fb3"
            ]
          },
          "sensitive_attributes": [],
          "private": "eyJlMmJmYjczMC1lY2FhLTExZTYtOGY4OC0zNDM2M2JjN2M0YzAiOnsiY3JlYXRlIjo2MDAwMDAwMDAwMDAsImRlbGV0ZSI6MTIwMDAwMDAwMDAwMCwidXBkYXRlIjo2MDAwMDAwMDAwMDB9LCJzY2hlbWFfdmVyc2lvbiI6IjEifQ==",
          "dependencies": [
            "aws_security_group.private_ports_security_groups",
            "aws_subnet.awslab-subnet-private",
            "aws_vpc.awslab-vpc"
          ]
        }
      ]
    },
    {
      "mode": "managed",
      "type": "aws_instance",
      "name": "webserver",
      "provider": "provider[\"registry.terraform.io/hashicorp/aws\"]",
      "instances": [
        {
          "schema_version": 1,
          "attributes": {
            "ami": "ami-070b208e993b59cea",
            "arn": "arn:aws:ec2:eu-central-1:277441849745:instance/i-04c294ba8155483ad",
            "associate_public_ip_address": true,
            "availability_zone": "eu-central-1b",
            "capacity_reservation_specification": [
              {
                "capacity_reservation_preference": "open",
                "capacity_reservation_target": []
              }
            ],
            "cpu_core_count": 1,
            "cpu_threads_per_core": 1,
            "credit_specification": [
              {
                "cpu_credits": "standard"
              }
            ],
            "disable_api_stop": false,
            "disable_api_termination": false,
            "ebs_block_device": [],
            "ebs_optimized": false,
            "enclave_options": [
              {
                "enabled": false
              }
            ],
            "ephemeral_block_device": [],
            "get_password_data": false,
            "hibernation": false,
            "host_id": null,
            "host_resource_group_arn": null,
            "iam_instance_profile": "",
            "id": "i-04c294ba8155483ad",
            "instance_initiated_shutdown_behavior": "stop",
            "instance_state": "running",
            "instance_type": "t2.micro",
            "ipv6_address_count": 0,
            "ipv6_addresses": [],
            "key_name": "webserver",
            "launch_template": [],
            "maintenance_options": [
              {
                "auto_recovery": "default"
              }
            ],
            "metadata_options": [
              {
                "http_endpoint": "enabled",
                "http_put_response_hop_limit": 1,
                "http_tokens": "optional",
                "instance_metadata_tags": "disabled"
              }
            ],
            "monitoring": false,
            "network_interface": [],
            "outpost_arn": "",
            "password_data": "",
            "placement_group": "",
            "placement_partition_number": null,
            "primary_network_interface_id": "eni-0e56a89a659da5a21",
            "private_dns": "ip-172-16-0-116.eu-central-1.compute.internal",
            "private_dns_name_options": [
              {
                "enable_resource_name_dns_a_record": false,
                "enable_resource_name_dns_aaaa_record": false,
                "hostname_type": "ip-name"
              }
            ],
            "private_ip": "172.16.0.116",
            "public_dns": "ec2-3-72-71-147.eu-central-1.compute.amazonaws.com",
            "public_ip": "3.72.71.147",
            "root_block_device": [
              {
                "delete_on_termination": true,
                "device_name": "/dev/xvda",
                "encrypted": false,
                "iops": 100,
                "kms_key_id": "",
                "tags": {},
                "throughput": 0,
                "volume_id": "vol-07aacefe452144481",
                "volume_size": 8,
                "volume_type": "gp2"
              }
            ],
            "secondary_private_ips": [],
            "security_groups": [],
            "source_dest_check": true,
            "subnet_id": "subnet-0cd4247ec35705195",
            "tags": {
              "Name": "ec2-webserver"
            },
            "tags_all": {
              "Name": "ec2-webserver"
            },
            "tenancy": "default",
            "timeouts": null,
            "user_data": "f8b79b6d0dcb1c8015667615bf72048a17d7adae",
            "user_data_base64": null,
            "user_data_replace_on_change": false,
            "volume_tags": null,
            "vpc_security_group_ids": [
              "sg-0d8bd7112b5716492"
            ]
          },
          "sensitive_attributes": [],
          "private": "eyJlMmJmYjczMC1lY2FhLTExZTYtOGY4OC0zNDM2M2JjN2M0YzAiOnsiY3JlYXRlIjo2MDAwMDAwMDAwMDAsImRlbGV0ZSI6MTIwMDAwMDAwMDAwMCwidXBkYXRlIjo2MDAwMDAwMDAwMDB9LCJzY2hlbWFfdmVyc2lvbiI6IjEifQ==",
          "dependencies": [
            "aws_key_pair.websever_key",
            "aws_security_group.public_ports_security_groups",
            "aws_subnet.awslab-subnet-public",
            "aws_vpc.awslab-vpc",
            "tls_private_key.webserver_private_key"
          ]
        }
      ]
    },
    {
      "mode": "managed",
      "type": "aws_internet_gateway",
      "name": "awslab-igw",
      "provider": "provider[\"registry.terraform.io/hashicorp/aws\"]",
      "instances": [
        {
          "schema_version": 0,
          "attributes": {
            "arn": "arn:aws:ec2:eu-central-1:277441849745:internet-gateway/igw-0bfeb880e2f94b12e",
            "id": "igw-0bfeb880e2f94b12e",
            "owner_id": "277441849745",
            "tags": {
              "Name": "awslab-igw"
            },
            "tags_all": {
              "Name": "awslab-igw"
            },
            "timeouts": null,
            "vpc_id": "vpc-01b6eb8554421e220"
          },
          "sensitive_attributes": [],
          "private": "eyJlMmJmYjczMC1lY2FhLTExZTYtOGY4OC0zNDM2M2JjN2M0YzAiOnsiY3JlYXRlIjoxMjAwMDAwMDAwMDAwLCJkZWxldGUiOjEyMDAwMDAwMDAwMDAsInVwZGF0ZSI6MTIwMDAwMDAwMDAwMH19",
          "dependencies": [
            "aws_vpc.awslab-vpc"
          ]
        }
      ]
    },
    {
      "mode": "managed",
      "type": "aws_key_pair",
      "name": "websever_key",
      "provider": "provider[\"registry.terraform.io/hashicorp/aws\"]",
      "instances": [
        {
          "schema_version": 1,
          "attributes": {
            "arn": "arn:aws:ec2:eu-central-1:277441849745:key-pair/webserver",
            "fingerprint": "36:16:65:43:ba:e4:2c:bb:d4:22:1e:a5:d5:37:c8:e8",
            "id": "webserver",
            "key_name": "webserver",
            "key_name_prefix": "",
            "key_pair_id": "key-0f6cfbbae95b0f057",
            "key_type": "rsa",
            "public_key": "ssh-rsa AAAAB3NzaC1yc2EAAAADAQABAAACAQClq83Nnv+c+C/9uR62ABSWwcUyWKc7jEmgIFXzK2CIsAAnzbqCaM5QgzXqRwmhti6fPLyYQLcmKw+r2hZAZSF0qRYfPwN2GNJZLvgSQNjOMDz1pevyY8hFd3E4lCpmTrOdElMmau+PuIOwH7FWhixPybm42vO6HQdRWsDe6b3vP/Xt2ozDMjzVeG/fUbpN+NxT4obB3iDKfXv42yDoIbKW20jgSFs6qWuyF6OjQe2LcryrvXMaOr4EKVz7KrzkXbUwwjymBjc+BSQckC9RrKhw065kZo7EoeQsrLIRkKMf0s6o0zBSWpLlSARZSROvtPekmj1aswz9uk6zC29Y1urnuVp6gXz6C0pYVRrPCiSAj3g0Emzx1p/oMzm0X6M8KGDU9JyXJpuenBrmliq+oery1gD03zTZFVP9WDiBv0n5GNOFBFSWTim5T8KLLxtZfpcPluohpu267YamTXYIOJQMdW/Cdp2/6ODwDEPXuFTDw6fxh09brFXQvnpEEfoHP81m1H2Jl8+abjFIhGES1LWJrOvlxBIhEPbQO32ZwjkOZswSTURFbyUeAQQOusYKjEuzQht18LTNNcV5T9P8iJSCEZ1KOHUl7x+2pPYg6iedVmO+IfkvYpRgdTQWno8/bPZ5IxAgjhxdFITElBrXCjDeRHx3+cQ9IUO2zVvWqjpyUw==",
            "tags": {},
            "tags_all": {}
          },
          "sensitive_attributes": [],
          "private": "eyJzY2hlbWFfdmVyc2lvbiI6IjEifQ==",
          "dependencies": [
            "tls_private_key.webserver_private_key"
          ]
        }
      ]
    },
    {
      "mode": "managed",
      "type": "aws_route_table",
      "name": "public-route",
      "provider": "provider[\"registry.terraform.io/hashicorp/aws\"]",
      "instances": [
        {
          "schema_version": 0,
          "attributes": {
            "arn": "arn:aws:ec2:eu-central-1:277441849745:route-table/rtb-0e21100668edc1097",
            "id": "rtb-0e21100668edc1097",
            "owner_id": "277441849745",
            "propagating_vgws": [],
            "route": [
              {
                "carrier_gateway_id": "",
                "cidr_block": "0.0.0.0/0",
                "core_network_arn": "",
                "destination_prefix_list_id": "",
                "egress_only_gateway_id": "",
                "gateway_id": "igw-0bfeb880e2f94b12e",
                "instance_id": "",
                "ipv6_cidr_block": "",
                "local_gateway_id": "",
                "nat_gateway_id": "",
                "network_interface_id": "",
                "transit_gateway_id": "",
                "vpc_endpoint_id": "",
                "vpc_peering_connection_id": ""
              }
            ],
            "tags": {
              "Name": "public-route"
            },
            "tags_all": {
              "Name": "public-route"
            },
            "timeouts": null,
            "vpc_id": "vpc-01b6eb8554421e220"
          },
          "sensitive_attributes": [],
          "private": "eyJlMmJmYjczMC1lY2FhLTExZTYtOGY4OC0zNDM2M2JjN2M0YzAiOnsiY3JlYXRlIjozMDAwMDAwMDAwMDAsImRlbGV0ZSI6MzAwMDAwMDAwMDAwLCJ1cGRhdGUiOjEyMDAwMDAwMDAwMH19",
          "dependencies": [
            "aws_internet_gateway.awslab-igw",
            "aws_vpc.awslab-vpc"
          ]
        }
      ]
    },
    {
      "mode": "managed",
      "type": "aws_route_table_association",
      "name": "public-route-association",
      "provider": "provider[\"registry.terraform.io/hashicorp/aws\"]",
      "instances": [
        {
          "schema_version": 0,
          "attributes": {
            "gateway_id": "",
            "id": "rtbassoc-0cec418d746e284e5",
            "route_table_id": "rtb-0e21100668edc1097",
            "subnet_id": "subnet-0cd4247ec35705195"
          },
          "sensitive_attributes": [],
          "private": "bnVsbA==",
          "dependencies": [
            "aws_internet_gateway.awslab-igw",
            "aws_route_table.public-route",
            "aws_subnet.awslab-subnet-public",
            "aws_vpc.awslab-vpc"
          ]
        }
      ]
    },
    {
      "mode": "managed",
      "type": "aws_security_group",
      "name": "private_ports_security_groups",
      "provider": "provider[\"registry.terraform.io/hashicorp/aws\"]",
      "instances": [
        {
          "schema_version": 1,
          "attributes": {
            "arn": "arn:aws:ec2:eu-central-1:277441849745:security-group/sg-01555bccd5b4c1fb3",
            "description": "Managed by Terraform",
            "egress": [],
            "id": "sg-01555bccd5b4c1fb3",
            "ingress": [
              {
                "cidr_blocks": [
                  "172.16.0.0/24"
                ],
                "description": "open tcp port 3110 from vpc cidr",
                "from_port": 3110,
                "ipv6_cidr_blocks": [],
                "prefix_list_ids": [],
                "protocol": "tcp",
                "security_groups": [],
                "self": false,
                "to_port": 3110
              }
            ],
            "name": "private_ports_security_groups",
            "name_prefix": "",
            "owner_id": "277441849745",
            "revoke_rules_on_delete": false,
            "tags": {},
            "tags_all": {},
            "timeouts": null,
            "vpc_id": "vpc-01b6eb8554421e220"
          },
          "sensitive_attributes": [],
          "private": "eyJlMmJmYjczMC1lY2FhLTExZTYtOGY4OC0zNDM2M2JjN2M0YzAiOnsiY3JlYXRlIjo2MDAwMDAwMDAwMDAsImRlbGV0ZSI6OTAwMDAwMDAwMDAwfSwic2NoZW1hX3ZlcnNpb24iOiIxIn0=",
          "dependencies": [
            "aws_vpc.awslab-vpc"
          ]
        }
      ]
    },
    {
      "mode": "managed",
      "type": "aws_security_group",
      "name": "public_ports_security_groups",
      "provider": "provider[\"registry.terraform.io/hashicorp/aws\"]",
      "instances": [
        {
          "schema_version": 1,
          "attributes": {
            "arn": "arn:aws:ec2:eu-central-1:277441849745:security-group/sg-0d8bd7112b5716492",
            "description": "Managed by Terraform",
            "egress": [],
            "id": "sg-0d8bd7112b5716492",
            "ingress": [
              {
                "cidr_blocks": [
                  "0.0.0.0/0"
                ],
                "description": "open all egress IPv4 traffic for public subnet",
                "from_port": 0,
                "ipv6_cidr_blocks": [],
                "prefix_list_ids": [],
                "protocol": "-1",
                "security_groups": [],
                "self": false,
                "to_port": 0
              },
              {
                "cidr_blocks": [
                  "0.0.0.0/0"
                ],
                "description": "open http port from Anywhere-IPv4",
                "from_port": 80,
                "ipv6_cidr_blocks": [],
                "prefix_list_ids": [],
                "protocol": "tcp",
                "security_groups": [],
                "self": false,
                "to_port": 80
              }
            ],
            "name": "public_ports_security_groups",
            "name_prefix": "",
            "owner_id": "277441849745",
            "revoke_rules_on_delete": false,
            "tags": {},
            "tags_all": {},
            "timeouts": null,
            "vpc_id": "vpc-01b6eb8554421e220"
          },
          "sensitive_attributes": [],
          "private": "eyJlMmJmYjczMC1lY2FhLTExZTYtOGY4OC0zNDM2M2JjN2M0YzAiOnsiY3JlYXRlIjo2MDAwMDAwMDAwMDAsImRlbGV0ZSI6OTAwMDAwMDAwMDAwfSwic2NoZW1hX3ZlcnNpb24iOiIxIn0=",
          "dependencies": [
            "aws_vpc.awslab-vpc"
          ]
        }
      ]
    },
    {
      "mode": "managed",
      "type": "aws_security_group_rule",
      "name": "sg_egress_rules_public",
      "provider": "provider[\"registry.terraform.io/hashicorp/aws\"]",
      "instances": [
        {
          "index_key": 0,
          "schema_version": 2,
          "attributes": {
            "cidr_blocks": [
              "0.0.0.0/0"
            ],
            "description": "open all egress IPv4 traffic for public subnet",
            "from_port": 0,
            "id": "sgrule-4085951588",
            "ipv6_cidr_blocks": null,
            "prefix_list_ids": null,
            "protocol": "-1",
            "security_group_id": "sg-0d8bd7112b5716492",
            "self": false,
            "source_security_group_id": null,
            "timeouts": null,
            "to_port": 0,
            "type": "ingress"
          },
          "sensitive_attributes": [],
          "private": "eyJlMmJmYjczMC1lY2FhLTExZTYtOGY4OC0zNDM2M2JjN2M0YzAiOnsiY3JlYXRlIjozMDAwMDAwMDAwMDB9LCJzY2hlbWFfdmVyc2lvbiI6IjIifQ==",
          "dependencies": [
            "aws_security_group.public_ports_security_groups",
            "aws_vpc.awslab-vpc"
          ]
        }
      ]
    },
    {
      "mode": "managed",
      "type": "aws_security_group_rule",
      "name": "sg_ingress_rules_private",
      "provider": "provider[\"registry.terraform.io/hashicorp/aws\"]",
      "instances": [
        {
          "index_key": 0,
          "schema_version": 2,
          "attributes": {
            "cidr_blocks": [
              "172.16.0.0/24"
            ],
            "description": "open tcp port 3110 from vpc cidr",
            "from_port": 3110,
            "id": "sgrule-4082067465",
            "ipv6_cidr_blocks": null,
            "prefix_list_ids": null,
            "protocol": "tcp",
            "security_group_id": "sg-01555bccd5b4c1fb3",
            "self": false,
            "source_security_group_id": null,
            "timeouts": null,
            "to_port": 3110,
            "type": "ingress"
          },
          "sensitive_attributes": [],
          "private": "eyJlMmJmYjczMC1lY2FhLTExZTYtOGY4OC0zNDM2M2JjN2M0YzAiOnsiY3JlYXRlIjozMDAwMDAwMDAwMDB9LCJzY2hlbWFfdmVyc2lvbiI6IjIifQ==",
          "dependencies": [
            "aws_security_group.private_ports_security_groups",
            "aws_vpc.awslab-vpc"
          ]
        }
      ]
    },
    {
      "mode": "managed",
      "type": "aws_security_group_rule",
      "name": "sg_ingress_rules_public",
      "provider": "provider[\"registry.terraform.io/hashicorp/aws\"]",
      "instances": [
        {
          "index_key": 0,
          "schema_version": 2,
          "attributes": {
            "cidr_blocks": [
              "0.0.0.0/0"
            ],
            "description": "open http port from Anywhere-IPv4",
            "from_port": 80,
            "id": "sgrule-3998448590",
            "ipv6_cidr_blocks": null,
            "prefix_list_ids": null,
            "protocol": "tcp",
            "security_group_id": "sg-0d8bd7112b5716492",
            "self": false,
            "source_security_group_id": null,
            "timeouts": null,
            "to_port": 80,
            "type": "ingress"
          },
          "sensitive_attributes": [],
          "private": "eyJlMmJmYjczMC1lY2FhLTExZTYtOGY4OC0zNDM2M2JjN2M0YzAiOnsiY3JlYXRlIjozMDAwMDAwMDAwMDB9LCJzY2hlbWFfdmVyc2lvbiI6IjIifQ==",
          "dependencies": [
            "aws_security_group.public_ports_security_groups",
            "aws_vpc.awslab-vpc"
          ]
        }
      ]
    },
    {
      "mode": "managed",
      "type": "aws_subnet",
      "name": "awslab-subnet-private",
      "provider": "provider[\"registry.terraform.io/hashicorp/aws\"]",
      "instances": [
        {
          "schema_version": 1,
          "attributes": {
            "arn": "arn:aws:ec2:eu-central-1:277441849745:subnet/subnet-022d8dd0e08511305",
            "assign_ipv6_address_on_creation": false,
            "availability_zone": "eu-central-1c",
            "availability_zone_id": "euc1-az1",
            "cidr_block": "172.16.1.0/24",
            "customer_owned_ipv4_pool": "",
            "enable_dns64": false,
            "enable_resource_name_dns_a_record_on_launch": false,
            "enable_resource_name_dns_aaaa_record_on_launch": false,
            "id": "subnet-022d8dd0e08511305",
            "ipv6_cidr_block": "",
            "ipv6_cidr_block_association_id": "",
            "ipv6_native": false,
            "map_customer_owned_ip_on_launch": false,
            "map_public_ip_on_launch": false,
            "outpost_arn": "",
            "owner_id": "277441849745",
            "private_dns_hostname_type_on_launch": "ip-name",
            "tags": {
              "Name": "awslab-private"
            },
            "tags_all": {
              "Name": "awslab-private"
            },
            "timeouts": null,
            "vpc_id": "vpc-01b6eb8554421e220"
          },
          "sensitive_attributes": [],
          "private": "eyJlMmJmYjczMC1lY2FhLTExZTYtOGY4OC0zNDM2M2JjN2M0YzAiOnsiY3JlYXRlIjo2MDAwMDAwMDAwMDAsImRlbGV0ZSI6MTIwMDAwMDAwMDAwMH0sInNjaGVtYV92ZXJzaW9uIjoiMSJ9",
          "dependencies": [
            "aws_vpc.awslab-vpc"
          ]
        }
      ]
    },
    {
      "mode": "managed",
      "type": "aws_subnet",
      "name": "awslab-subnet-public",
      "provider": "provider[\"registry.terraform.io/hashicorp/aws\"]",
      "instances": [
        {
          "schema_version": 1,
          "attributes": {
            "arn": "arn:aws:ec2:eu-central-1:277441849745:subnet/subnet-0cd4247ec35705195",
            "assign_ipv6_address_on_creation": false,
            "availability_zone": "eu-central-1b",
            "availability_zone_id": "euc1-az3",
            "cidr_block": "172.16.0.0/24",
            "customer_owned_ipv4_pool": "",
            "enable_dns64": false,
            "enable_resource_name_dns_a_record_on_launch": false,
            "enable_resource_name_dns_aaaa_record_on_launch": false,
            "id": "subnet-0cd4247ec35705195",
            "ipv6_cidr_block": "",
            "ipv6_cidr_block_association_id": "",
            "ipv6_native": false,
            "map_customer_owned_ip_on_launch": false,
            "map_public_ip_on_launch": false,
            "outpost_arn": "",
            "owner_id": "277441849745",
            "private_dns_hostname_type_on_launch": "ip-name",
            "tags": {
              "Name": "awslab-public"
            },
            "tags_all": {
              "Name": "awslab-public"
            },
            "timeouts": null,
            "vpc_id": "vpc-01b6eb8554421e220"
          },
          "sensitive_attributes": [],
          "private": "eyJlMmJmYjczMC1lY2FhLTExZTYtOGY4OC0zNDM2M2JjN2M0YzAiOnsiY3JlYXRlIjo2MDAwMDAwMDAwMDAsImRlbGV0ZSI6MTIwMDAwMDAwMDAwMH0sInNjaGVtYV92ZXJzaW9uIjoiMSJ9",
          "dependencies": [
            "aws_vpc.awslab-vpc"
          ]
        }
      ]
    },
    {
      "mode": "managed",
      "type": "aws_vpc",
      "name": "awslab-vpc",
      "provider": "provider[\"registry.terraform.io/hashicorp/aws\"]",
      "instances": [
        {
          "schema_version": 1,
          "attributes": {
            "arn": "arn:aws:ec2:eu-central-1:277441849745:vpc/vpc-01b6eb8554421e220",
            "assign_generated_ipv6_cidr_block": false,
            "cidr_block": "172.16.0.0/23",
            "default_network_acl_id": "acl-038c7a494ac12efda",
            "default_route_table_id": "rtb-05b644f6e7d139371",
            "default_security_group_id": "sg-0c8a22a3487914478",
            "dhcp_options_id": "dopt-08bc9699898ce6aba",
            "enable_classiclink": false,
            "enable_classiclink_dns_support": false,
            "enable_dns_hostnames": true,
            "enable_dns_support": true,
            "enable_network_address_usage_metrics": true,
            "id": "vpc-01b6eb8554421e220",
            "instance_tenancy": "default",
            "ipv4_ipam_pool_id": null,
            "ipv4_netmask_length": null,
            "ipv6_association_id": "",
            "ipv6_cidr_block": "",
            "ipv6_cidr_block_network_border_group": "",
            "ipv6_ipam_pool_id": "",
            "ipv6_netmask_length": 0,
            "main_route_table_id": "rtb-05b644f6e7d139371",
            "owner_id": "277441849745",
            "tags": {
              "Name": "awslab-vpc"
            },
            "tags_all": {
              "Name": "awslab-vpc"
            }
          },
          "sensitive_attributes": [],
          "private": "eyJzY2hlbWFfdmVyc2lvbiI6IjEifQ=="
        }
      ]
    },
    {
      "mode": "managed",
      "type": "local_file",
      "name": "private_key",
      "provider": "provider[\"registry.terraform.io/hashicorp/local\"]",
      "instances": [
        {
          "schema_version": 0,
          "attributes": {
            "content": "-----BEGIN RSA PRIVATE KEY-----\nMIIJKAIBAAKCAgEApavNzZ7/nPgv/bketgAUlsHFMlinO4xJoCBV8ytgiLAAJ826\ngmjOUIM16kcJobYunzy8mEC3JisPq9oWQGUhdKkWHz8DdhjSWS74EkDYzjA89aXr\n8mPIRXdxOJQqZk6znRJTJmrvj7iDsB+xVoYsT8m5uNrzuh0HUVrA3um97z/17dqM\nwzI81Xhv31G6TfjcU+KGwd4gyn17+Nsg6CGylttI4EhbOqlrshejo0Hti3K8q71z\nGjq+BClc+yq85F21MMI8pgY3PgUkHJAvUayocNOuZGaOxKHkLKyyEZCjH9LOqNMw\nUlqS5UgEWUkTr7T3pJo9WrMM/bpOswtvWNbq57laeoF8+gtKWFUazwokgI94NBJs\n8daf6DM5tF+jPChg1PSclyabnpwa5pYqvqHq8tYA9N802RVT/Vg4gb9J+RjThQRU\nlk4puU/Ciy8bWX6XD5bqIabtuu2Gpk12CDiUDHVvwnadv+jg8AxD17hUw8On8YdP\nW6xV0L56RBH6Bz/NZtR9iZfPmm4xSIRhEtS1iazr5cQSIRD20Dt9mcI5DmbMEk1E\nRW8lHgEEDrrGCoxLs0IbdfC0zTXFeU/T/IiUghGdSjh1Je8ftqT2IOonnVZjviH5\nL2KUYHU0Fp6PP2z2eSMQII4cXRSExJQa1wow3kR8d/nEPSFDts1b1qo6clMCAwEA\nAQKCAgBuMZsfBH3So4YQRjx2JBGNwO7wMOVzBznFhxyENLrtz9sano1KxnlMNin7\nXSq75BiYk+aBgrIPch7nWJTqWhnppbnwKJKdz57B8SrRwU4zvwQdBDKvM8123x5w\n2qRlDj4L4K9r4z7aooj88eebvHzmyS9+FCx/A2Xlp+6XlnNeGnXysiZkgxrRhl0q\n9gpsaHXsWcT2WFAJP3PhL6dwn1FRZCPSAm6j0yKt/2k5YtWkpjl2JfnUXXQcAoM1\nENU5NFcbSmbaq1G9L+A4G3NN6QDUowfhAhI+GcxSJr/+TO0jcq1Av8/pRxNj7AXw\neVndygnZ8zmSBXxDm9NS5e028ySk0Chk6WpqyGQMn8PDx6C92FAJahh6QZpjjQS5\n63DX+3bxK3hC86kS917qe6lHlMzfIAgdqHOQtrsjZnXmCv40ZMeHb2rKFv81S1t8\nK/CIa3t6kJvLycCG5CdJUWYVJxHbSn3RtDT8yvmAwe2nvCy84KqgJa0+s+/5vg9j\nmzw4Hb9bEyGAQZWbbfp4wKspeKMVi3JW4B45IKBz6YNLvgUaeu6dne06mpgfIcG+\nOUfCUlM9Ax6S50Tk3VQYj3j8EjnSvXv99w/hJwJoCFaGtxu5HuFlcjPRddDcDOAi\nY+P+0QlPy9a4H1YzY8NWUJzCRw8diFsA+3CWF0L+QGj3XDz+MQKCAQEA2+gloMDF\nOmjlWygWolz+wgAZXAkklBORAR7iAHFnonD1sK4QyKN5ARh28C9ogTtH+QmiHKb5\n4TsPFspMcuvx7piu0JI4YxtWjKhbkUDQGdlWVbjSxlGcnWqSUR5t+N4qzpfPVS8D\n1ncVV4MCYg9YpoLGmzMecsydTbbuAi1nL6sY0mJhqUsxqDbY+PrFYZybT0pctXbc\nfhue5Evd2rLyapJ+LhrYKvKiwsxBTr3scRZdl7X5/b+xL5XzPXdRucRYyJsjMkGO\nkFvHsv0UeUYrg87JsepimIn3sd/7SwYp9Hoo1vQuvIuUbUsohuW6VrZzESPCDitc\npzPzA8zfAToruwKCAQEAwNzT9zzapYLfuTvYSs/O8O9+V9/EoGKsIZhDuKNrOPsL\nVo1Abb5R5TTxXN3+oPfnKNLC360LKNKRd9iJo0hp9nM2zcD11hgyjhoQwLFTSZ8J\nw5Po3TapmW4hMgdajsmMGFuTNF/CU5997m1lHX2M0LhIHTRSOAXMrzOaH5wetaTA\ndDXtfEHjZ7cJFlsUL3UY6q8U/CLVX6RqCtvX3OCfmAdsAewVJYB3slRMF3hCsXK7\ng9aWdy2g1GiDhQTOrvK2AzrN7xfUVgj/NttwEZwmgzJR2LWEp/cHpYLqw6N40fTe\n87EJccdcb5UGUdeVPyXk873C7Qbb6J80SKZcKmNOSQKCAQEAoqfspSHRAGo0M5/M\nVh4JBcADAfN1Td3HJJgOPJulNx7sa9nkajOYPjo1R2UZnHUXwFniweSz8We4une5\n4kspMP1YWMe+03eWJgYlbKQPCP+b/13s8WnOORVp0nx6hVj3OsZJQk27PffpHki2\nC4gkX01dz9AY1nsIY0JKe+vPZg/dFUhVyl3nBfBDvq3mL1QiAJ0VQ9f+MX0GowCG\nwcwYyMFAeaO7ftDnmMRyDecnK2KKqbudhJY0XelA+Jb4KTrVHNS7TOH2rEpmxLqz\nWRyQ9TaQM3wVn5R1VOlCO3T8tWtiJ9SHeUiY6dpsyJLFqHvdUrErSUXDi50+Q/JW\nhNbdHwKCAQBGMRjEJtW830Dlfa5eq/s5HTDycnJxnPfg0jXzgSaI+nVJ7ubACkBs\nFzSxA+qkUxVCelKKbcRd+yUOZTTSxIwsMgqEH/JZFT1xEnN+bgtOBB/dmntp53ca\nbEaQmrSOuzPNuaZ9rUxgeu+uUwo2DXeujyNP3bb+xL2WFkXFs2BJ48hXgzkHvEMz\ngB5CkKtsCkYjQ81zZooZ4RDnGtQZg3cSMcFRgcbAe10U/jEjaZV8V7F/bh4dCfI6\n3D7hrro6WgN8cW550kZpeaTJJlxHTHmHzkyTfpzlNLcHufoPcfOLFn/+WTSCwHgX\n9Dj0mG2tKfGF9E55TcHDjA3PUxzAIJxhAoIBADzPuNNsRbLFHs3ksnlPsdqEd6jT\nzLjd+CTUnwo2mj/sp2JU8Ry9XY92chi2nNf/xsCfQyYZ7anxK6L6GTWoC/p+B0YB\n6udqLdyPpNe1/+5uScn/pzWA76t+65rHSb//gDV0PbUlM7PZa7GZ975LCZZ6kPyk\nYV4tuUTBS91qZmjl5JqCySJ20UuKBsmpOiTqCmM9wZo0z/S8aoDfGsBD/3dHEtPA\nyo6ejvQY+KgWHRRkeRbq2TnQivXs7k2Ld9RfGFWP19ysmOoKhThlKdadj6Esrnfb\n/+S8qC2sWXiNh/9qA3BNR4Vv7FPJnyyWHeVDJA7ePG9SlQdS45oFTiJc07Q=\n-----END RSA PRIVATE KEY-----\n",
            "content_base64": null,
            "directory_permission": "0777",
            "file_permission": "400",
            "filename": "webserver_key.pem",
            "id": "277f2391019a8214129e7d79a47fd85cbdad42e8",
            "sensitive_content": null,
            "source": null
          },
          "sensitive_attributes": [
            [
              {
                "type": "get_attr",
                "value": "content"
              }
            ]
          ],
          "private": "bnVsbA==",
          "dependencies": [
            "tls_private_key.webserver_private_key"
          ]
        }
      ]
    },
    {
      "mode": "managed",
      "type": "tls_private_key",
      "name": "webserver_private_key",
      "provider": "provider[\"registry.terraform.io/hashicorp/tls\"]",
      "instances": [
        {
          "schema_version": 1,
          "attributes": {
            "algorithm": "RSA",
            "ecdsa_curve": "P224",
            "id": "6e4c43053958de8c6922d21435c40b2351e41a79",
            "private_key_openssh": "-----BEGIN OPENSSH PRIVATE KEY-----\nb3BlbnNzaC1rZXktdjEAAAAABG5vbmUAAAAEbm9uZQAAAAAAAAABAAACFwAAAAdz\nc2gtcnNhAAAAAwEAAQAAAgEApavNzZ7/nPgv/bketgAUlsHFMlinO4xJoCBV8ytg\niLAAJ826gmjOUIM16kcJobYunzy8mEC3JisPq9oWQGUhdKkWHz8DdhjSWS74EkDY\nzjA89aXr8mPIRXdxOJQqZk6znRJTJmrvj7iDsB+xVoYsT8m5uNrzuh0HUVrA3um9\n7z/17dqMwzI81Xhv31G6TfjcU+KGwd4gyn17+Nsg6CGylttI4EhbOqlrshejo0Ht\ni3K8q71zGjq+BClc+yq85F21MMI8pgY3PgUkHJAvUayocNOuZGaOxKHkLKyyEZCj\nH9LOqNMwUlqS5UgEWUkTr7T3pJo9WrMM/bpOswtvWNbq57laeoF8+gtKWFUazwok\ngI94NBJs8daf6DM5tF+jPChg1PSclyabnpwa5pYqvqHq8tYA9N802RVT/Vg4gb9J\n+RjThQRUlk4puU/Ciy8bWX6XD5bqIabtuu2Gpk12CDiUDHVvwnadv+jg8AxD17hU\nw8On8YdPW6xV0L56RBH6Bz/NZtR9iZfPmm4xSIRhEtS1iazr5cQSIRD20Dt9mcI5\nDmbMEk1ERW8lHgEEDrrGCoxLs0IbdfC0zTXFeU/T/IiUghGdSjh1Je8ftqT2IOon\nnVZjviH5L2KUYHU0Fp6PP2z2eSMQII4cXRSExJQa1wow3kR8d/nEPSFDts1b1qo6\nclMAAAc4OnvOYTp7zmEAAAAHc3NoLXJzYQAAAgEApavNzZ7/nPgv/bketgAUlsHF\nMlinO4xJoCBV8ytgiLAAJ826gmjOUIM16kcJobYunzy8mEC3JisPq9oWQGUhdKkW\nHz8DdhjSWS74EkDYzjA89aXr8mPIRXdxOJQqZk6znRJTJmrvj7iDsB+xVoYsT8m5\nuNrzuh0HUVrA3um97z/17dqMwzI81Xhv31G6TfjcU+KGwd4gyn17+Nsg6CGylttI\n4EhbOqlrshejo0Hti3K8q71zGjq+BClc+yq85F21MMI8pgY3PgUkHJAvUayocNOu\nZGaOxKHkLKyyEZCjH9LOqNMwUlqS5UgEWUkTr7T3pJo9WrMM/bpOswtvWNbq57la\neoF8+gtKWFUazwokgI94NBJs8daf6DM5tF+jPChg1PSclyabnpwa5pYqvqHq8tYA\n9N802RVT/Vg4gb9J+RjThQRUlk4puU/Ciy8bWX6XD5bqIabtuu2Gpk12CDiUDHVv\nwnadv+jg8AxD17hUw8On8YdPW6xV0L56RBH6Bz/NZtR9iZfPmm4xSIRhEtS1iazr\n5cQSIRD20Dt9mcI5DmbMEk1ERW8lHgEEDrrGCoxLs0IbdfC0zTXFeU/T/IiUghGd\nSjh1Je8ftqT2IOonnVZjviH5L2KUYHU0Fp6PP2z2eSMQII4cXRSExJQa1wow3kR8\nd/nEPSFDts1b1qo6clMAAAADAQABAAACAG4xmx8EfdKjhhBGPHYkEY3A7vAw5XMH\nOcWHHIQ0uu3P2xqejUrGeUw2KftdKrvkGJiT5oGCsg9yHudYlOpaGemlufAokp3P\nnsHxKtHBTjO/BB0EMq8zzXbfHnDapGUOPgvgr2vjPtqiiPzx55u8fObJL34ULH8D\nZeWn7peWc14adfKyJmSDGtGGXSr2CmxodexZxPZYUAk/c+Evp3CfUVFkI9ICbqPT\nIq3/aTli1aSmOXYl+dRddBwCgzUQ1Tk0VxtKZtqrUb0v4Dgbc03pANSjB+ECEj4Z\nzFImv/5M7SNyrUC/z+lHE2PsBfB5Wd3KCdnzOZIFfEOb01Ll7TbzJKTQKGTpamrI\nZAyfw8PHoL3YUAlqGHpBmmONBLnrcNf7dvEreELzqRL3Xup7qUeUzN8gCB2oc5C2\nuyNmdeYK/jRkx4dvasoW/zVLW3wr8Ihre3qQm8vJwIbkJ0lRZhUnEdtKfdG0NPzK\n+YDB7ae8LLzgqqAlrT6z7/m+D2ObPDgdv1sTIYBBlZtt+njAqyl4oxWLclbgHjkg\noHPpg0u+BRp67p2d7TqamB8hwb45R8JSUz0DHpLnROTdVBiPePwSOdK9e/33D+En\nAmgIVoa3G7ke4WVyM9F10NwM4CJj4/7RCU/L1rgfVjNjw1ZQnMJHDx2IWwD7cJYX\nQv5AaPdcPP4xAAABADzPuNNsRbLFHs3ksnlPsdqEd6jTzLjd+CTUnwo2mj/sp2JU\n8Ry9XY92chi2nNf/xsCfQyYZ7anxK6L6GTWoC/p+B0YB6udqLdyPpNe1/+5uScn/\npzWA76t+65rHSb//gDV0PbUlM7PZa7GZ975LCZZ6kPykYV4tuUTBS91qZmjl5JqC\nySJ20UuKBsmpOiTqCmM9wZo0z/S8aoDfGsBD/3dHEtPAyo6ejvQY+KgWHRRkeRbq\n2TnQivXs7k2Ld9RfGFWP19ysmOoKhThlKdadj6Esrnfb/+S8qC2sWXiNh/9qA3BN\nR4Vv7FPJnyyWHeVDJA7ePG9SlQdS45oFTiJc07QAAAEBANvoJaDAxTpo5VsoFqJc\n/sIAGVwJJJQTkQEe4gBxZ6Jw9bCuEMijeQEYdvAvaIE7R/kJohym+eE7DxbKTHLr\n8e6YrtCSOGMbVoyoW5FA0BnZVlW40sZRnJ1qklEebfjeKs6Xz1UvA9Z3FVeDAmIP\nWKaCxpszHnLMnU227gItZy+rGNJiYalLMag22Pj6xWGcm09KXLV23H4bnuRL3dqy\n8mqSfi4a2CryosLMQU697HEWXZe1+f2/sS+V8z13UbnEWMibIzJBjpBbx7L9FHlG\nK4POybHqYpiJ97Hf+0sGKfR6KNb0LryLlG1LKIblula2cxEjwg4rXKcz8wPM3wE6\nK7sAAAEBAMDc0/c82qWC37k72ErPzvDvflffxKBirCGYQ7ijazj7C1aNQG2+UeU0\n8Vzd/qD35yjSwt+tCyjSkXfYiaNIafZzNs3A9dYYMo4aEMCxU0mfCcOT6N02qZlu\nITIHWo7JjBhbkzRfwlOffe5tZR19jNC4SB00UjgFzK8zmh+cHrWkwHQ17XxB42e3\nCRZbFC91GOqvFPwi1V+kagrb19zgn5gHbAHsFSWAd7JUTBd4QrFyu4PWlnctoNRo\ng4UEzq7ytgM6ze8X1FYI/zbbcBGcJoMyUdi1hKf3B6WC6sOjeNH03vOxCXHHXG+V\nBlHXlT8l5PO9wu0G2+ifNEimXCpjTkkAAAAAAQID\n-----END OPENSSH PRIVATE KEY-----\n",
            "private_key_pem": "-----BEGIN RSA PRIVATE KEY-----\nMIIJKAIBAAKCAgEApavNzZ7/nPgv/bketgAUlsHFMlinO4xJoCBV8ytgiLAAJ826\ngmjOUIM16kcJobYunzy8mEC3JisPq9oWQGUhdKkWHz8DdhjSWS74EkDYzjA89aXr\n8mPIRXdxOJQqZk6znRJTJmrvj7iDsB+xVoYsT8m5uNrzuh0HUVrA3um97z/17dqM\nwzI81Xhv31G6TfjcU+KGwd4gyn17+Nsg6CGylttI4EhbOqlrshejo0Hti3K8q71z\nGjq+BClc+yq85F21MMI8pgY3PgUkHJAvUayocNOuZGaOxKHkLKyyEZCjH9LOqNMw\nUlqS5UgEWUkTr7T3pJo9WrMM/bpOswtvWNbq57laeoF8+gtKWFUazwokgI94NBJs\n8daf6DM5tF+jPChg1PSclyabnpwa5pYqvqHq8tYA9N802RVT/Vg4gb9J+RjThQRU\nlk4puU/Ciy8bWX6XD5bqIabtuu2Gpk12CDiUDHVvwnadv+jg8AxD17hUw8On8YdP\nW6xV0L56RBH6Bz/NZtR9iZfPmm4xSIRhEtS1iazr5cQSIRD20Dt9mcI5DmbMEk1E\nRW8lHgEEDrrGCoxLs0IbdfC0zTXFeU/T/IiUghGdSjh1Je8ftqT2IOonnVZjviH5\nL2KUYHU0Fp6PP2z2eSMQII4cXRSExJQa1wow3kR8d/nEPSFDts1b1qo6clMCAwEA\nAQKCAgBuMZsfBH3So4YQRjx2JBGNwO7wMOVzBznFhxyENLrtz9sano1KxnlMNin7\nXSq75BiYk+aBgrIPch7nWJTqWhnppbnwKJKdz57B8SrRwU4zvwQdBDKvM8123x5w\n2qRlDj4L4K9r4z7aooj88eebvHzmyS9+FCx/A2Xlp+6XlnNeGnXysiZkgxrRhl0q\n9gpsaHXsWcT2WFAJP3PhL6dwn1FRZCPSAm6j0yKt/2k5YtWkpjl2JfnUXXQcAoM1\nENU5NFcbSmbaq1G9L+A4G3NN6QDUowfhAhI+GcxSJr/+TO0jcq1Av8/pRxNj7AXw\neVndygnZ8zmSBXxDm9NS5e028ySk0Chk6WpqyGQMn8PDx6C92FAJahh6QZpjjQS5\n63DX+3bxK3hC86kS917qe6lHlMzfIAgdqHOQtrsjZnXmCv40ZMeHb2rKFv81S1t8\nK/CIa3t6kJvLycCG5CdJUWYVJxHbSn3RtDT8yvmAwe2nvCy84KqgJa0+s+/5vg9j\nmzw4Hb9bEyGAQZWbbfp4wKspeKMVi3JW4B45IKBz6YNLvgUaeu6dne06mpgfIcG+\nOUfCUlM9Ax6S50Tk3VQYj3j8EjnSvXv99w/hJwJoCFaGtxu5HuFlcjPRddDcDOAi\nY+P+0QlPy9a4H1YzY8NWUJzCRw8diFsA+3CWF0L+QGj3XDz+MQKCAQEA2+gloMDF\nOmjlWygWolz+wgAZXAkklBORAR7iAHFnonD1sK4QyKN5ARh28C9ogTtH+QmiHKb5\n4TsPFspMcuvx7piu0JI4YxtWjKhbkUDQGdlWVbjSxlGcnWqSUR5t+N4qzpfPVS8D\n1ncVV4MCYg9YpoLGmzMecsydTbbuAi1nL6sY0mJhqUsxqDbY+PrFYZybT0pctXbc\nfhue5Evd2rLyapJ+LhrYKvKiwsxBTr3scRZdl7X5/b+xL5XzPXdRucRYyJsjMkGO\nkFvHsv0UeUYrg87JsepimIn3sd/7SwYp9Hoo1vQuvIuUbUsohuW6VrZzESPCDitc\npzPzA8zfAToruwKCAQEAwNzT9zzapYLfuTvYSs/O8O9+V9/EoGKsIZhDuKNrOPsL\nVo1Abb5R5TTxXN3+oPfnKNLC360LKNKRd9iJo0hp9nM2zcD11hgyjhoQwLFTSZ8J\nw5Po3TapmW4hMgdajsmMGFuTNF/CU5997m1lHX2M0LhIHTRSOAXMrzOaH5wetaTA\ndDXtfEHjZ7cJFlsUL3UY6q8U/CLVX6RqCtvX3OCfmAdsAewVJYB3slRMF3hCsXK7\ng9aWdy2g1GiDhQTOrvK2AzrN7xfUVgj/NttwEZwmgzJR2LWEp/cHpYLqw6N40fTe\n87EJccdcb5UGUdeVPyXk873C7Qbb6J80SKZcKmNOSQKCAQEAoqfspSHRAGo0M5/M\nVh4JBcADAfN1Td3HJJgOPJulNx7sa9nkajOYPjo1R2UZnHUXwFniweSz8We4une5\n4kspMP1YWMe+03eWJgYlbKQPCP+b/13s8WnOORVp0nx6hVj3OsZJQk27PffpHki2\nC4gkX01dz9AY1nsIY0JKe+vPZg/dFUhVyl3nBfBDvq3mL1QiAJ0VQ9f+MX0GowCG\nwcwYyMFAeaO7ftDnmMRyDecnK2KKqbudhJY0XelA+Jb4KTrVHNS7TOH2rEpmxLqz\nWRyQ9TaQM3wVn5R1VOlCO3T8tWtiJ9SHeUiY6dpsyJLFqHvdUrErSUXDi50+Q/JW\nhNbdHwKCAQBGMRjEJtW830Dlfa5eq/s5HTDycnJxnPfg0jXzgSaI+nVJ7ubACkBs\nFzSxA+qkUxVCelKKbcRd+yUOZTTSxIwsMgqEH/JZFT1xEnN+bgtOBB/dmntp53ca\nbEaQmrSOuzPNuaZ9rUxgeu+uUwo2DXeujyNP3bb+xL2WFkXFs2BJ48hXgzkHvEMz\ngB5CkKtsCkYjQ81zZooZ4RDnGtQZg3cSMcFRgcbAe10U/jEjaZV8V7F/bh4dCfI6\n3D7hrro6WgN8cW550kZpeaTJJlxHTHmHzkyTfpzlNLcHufoPcfOLFn/+WTSCwHgX\n9Dj0mG2tKfGF9E55TcHDjA3PUxzAIJxhAoIBADzPuNNsRbLFHs3ksnlPsdqEd6jT\nzLjd+CTUnwo2mj/sp2JU8Ry9XY92chi2nNf/xsCfQyYZ7anxK6L6GTWoC/p+B0YB\n6udqLdyPpNe1/+5uScn/pzWA76t+65rHSb//gDV0PbUlM7PZa7GZ975LCZZ6kPyk\nYV4tuUTBS91qZmjl5JqCySJ20UuKBsmpOiTqCmM9wZo0z/S8aoDfGsBD/3dHEtPA\nyo6ejvQY+KgWHRRkeRbq2TnQivXs7k2Ld9RfGFWP19ysmOoKhThlKdadj6Esrnfb\n/+S8qC2sWXiNh/9qA3BNR4Vv7FPJnyyWHeVDJA7ePG9SlQdS45oFTiJc07Q=\n-----END RSA PRIVATE KEY-----\n",
            "private_key_pem_pkcs8": "-----BEGIN PRIVATE KEY-----\nMIIJQgIBADANBgkqhkiG9w0BAQEFAASCCSwwggkoAgEAAoICAQClq83Nnv+c+C/9\nuR62ABSWwcUyWKc7jEmgIFXzK2CIsAAnzbqCaM5QgzXqRwmhti6fPLyYQLcmKw+r\n2hZAZSF0qRYfPwN2GNJZLvgSQNjOMDz1pevyY8hFd3E4lCpmTrOdElMmau+PuIOw\nH7FWhixPybm42vO6HQdRWsDe6b3vP/Xt2ozDMjzVeG/fUbpN+NxT4obB3iDKfXv4\n2yDoIbKW20jgSFs6qWuyF6OjQe2LcryrvXMaOr4EKVz7KrzkXbUwwjymBjc+BSQc\nkC9RrKhw065kZo7EoeQsrLIRkKMf0s6o0zBSWpLlSARZSROvtPekmj1aswz9uk6z\nC29Y1urnuVp6gXz6C0pYVRrPCiSAj3g0Emzx1p/oMzm0X6M8KGDU9JyXJpuenBrm\nliq+oery1gD03zTZFVP9WDiBv0n5GNOFBFSWTim5T8KLLxtZfpcPluohpu267Yam\nTXYIOJQMdW/Cdp2/6ODwDEPXuFTDw6fxh09brFXQvnpEEfoHP81m1H2Jl8+abjFI\nhGES1LWJrOvlxBIhEPbQO32ZwjkOZswSTURFbyUeAQQOusYKjEuzQht18LTNNcV5\nT9P8iJSCEZ1KOHUl7x+2pPYg6iedVmO+IfkvYpRgdTQWno8/bPZ5IxAgjhxdFITE\nlBrXCjDeRHx3+cQ9IUO2zVvWqjpyUwIDAQABAoICAG4xmx8EfdKjhhBGPHYkEY3A\n7vAw5XMHOcWHHIQ0uu3P2xqejUrGeUw2KftdKrvkGJiT5oGCsg9yHudYlOpaGeml\nufAokp3PnsHxKtHBTjO/BB0EMq8zzXbfHnDapGUOPgvgr2vjPtqiiPzx55u8fObJ\nL34ULH8DZeWn7peWc14adfKyJmSDGtGGXSr2CmxodexZxPZYUAk/c+Evp3CfUVFk\nI9ICbqPTIq3/aTli1aSmOXYl+dRddBwCgzUQ1Tk0VxtKZtqrUb0v4Dgbc03pANSj\nB+ECEj4ZzFImv/5M7SNyrUC/z+lHE2PsBfB5Wd3KCdnzOZIFfEOb01Ll7TbzJKTQ\nKGTpamrIZAyfw8PHoL3YUAlqGHpBmmONBLnrcNf7dvEreELzqRL3Xup7qUeUzN8g\nCB2oc5C2uyNmdeYK/jRkx4dvasoW/zVLW3wr8Ihre3qQm8vJwIbkJ0lRZhUnEdtK\nfdG0NPzK+YDB7ae8LLzgqqAlrT6z7/m+D2ObPDgdv1sTIYBBlZtt+njAqyl4oxWL\nclbgHjkgoHPpg0u+BRp67p2d7TqamB8hwb45R8JSUz0DHpLnROTdVBiPePwSOdK9\ne/33D+EnAmgIVoa3G7ke4WVyM9F10NwM4CJj4/7RCU/L1rgfVjNjw1ZQnMJHDx2I\nWwD7cJYXQv5AaPdcPP4xAoIBAQDb6CWgwMU6aOVbKBaiXP7CABlcCSSUE5EBHuIA\ncWeicPWwrhDIo3kBGHbwL2iBO0f5CaIcpvnhOw8Wykxy6/HumK7QkjhjG1aMqFuR\nQNAZ2VZVuNLGUZydapJRHm343irOl89VLwPWdxVXgwJiD1imgsabMx5yzJ1Ntu4C\nLWcvqxjSYmGpSzGoNtj4+sVhnJtPSly1dtx+G57kS93asvJqkn4uGtgq8qLCzEFO\nvexxFl2Xtfn9v7EvlfM9d1G5xFjImyMyQY6QW8ey/RR5RiuDzsmx6mKYifex3/tL\nBin0eijW9C68i5RtSyiG5bpWtnMRI8IOK1ynM/MDzN8BOiu7AoIBAQDA3NP3PNql\ngt+5O9hKz87w735X38SgYqwhmEO4o2s4+wtWjUBtvlHlNPFc3f6g9+co0sLfrQso\n0pF32ImjSGn2czbNwPXWGDKOGhDAsVNJnwnDk+jdNqmZbiEyB1qOyYwYW5M0X8JT\nn33ubWUdfYzQuEgdNFI4BcyvM5ofnB61pMB0Ne18QeNntwkWWxQvdRjqrxT8ItVf\npGoK29fc4J+YB2wB7BUlgHeyVEwXeEKxcruD1pZ3LaDUaIOFBM6u8rYDOs3vF9RW\nCP8223ARnCaDMlHYtYSn9welgurDo3jR9N7zsQlxx1xvlQZR15U/JeTzvcLtBtvo\nnzRIplwqY05JAoIBAQCip+ylIdEAajQzn8xWHgkFwAMB83VN3cckmA48m6U3Huxr\n2eRqM5g+OjVHZRmcdRfAWeLB5LPxZ7i6d7niSykw/VhYx77Td5YmBiVspA8I/5v/\nXezxac45FWnSfHqFWPc6xklCTbs99+keSLYLiCRfTV3P0BjWewhjQkp7689mD90V\nSFXKXecF8EO+reYvVCIAnRVD1/4xfQajAIbBzBjIwUB5o7t+0OeYxHIN5ycrYoqp\nu52EljRd6UD4lvgpOtUc1LtM4fasSmbEurNZHJD1NpAzfBWflHVU6UI7dPy1a2In\n1Id5SJjp2mzIksWoe91SsStJRcOLnT5D8laE1t0fAoIBAEYxGMQm1bzfQOV9rl6r\n+zkdMPJycnGc9+DSNfOBJoj6dUnu5sAKQGwXNLED6qRTFUJ6UoptxF37JQ5lNNLE\njCwyCoQf8lkVPXESc35uC04EH92ae2nndxpsRpCatI67M825pn2tTGB6765TCjYN\nd66PI0/dtv7EvZYWRcWzYEnjyFeDOQe8QzOAHkKQq2wKRiNDzXNmihnhEOca1BmD\ndxIxwVGBxsB7XRT+MSNplXxXsX9uHh0J8jrcPuGuujpaA3xxbnnSRml5pMkmXEdM\neYfOTJN+nOU0twe5+g9x84sWf/5ZNILAeBf0OPSYba0p8YX0TnlNwcOMDc9THMAg\nnGECggEAPM+402xFssUezeSyeU+x2oR3qNPMuN34JNSfCjaaP+ynYlTxHL1dj3Zy\nGLac1//GwJ9DJhntqfErovoZNagL+n4HRgHq52ot3I+k17X/7m5Jyf+nNYDvq37r\nmsdJv/+ANXQ9tSUzs9lrsZn3vksJlnqQ/KRhXi25RMFL3WpmaOXkmoLJInbRS4oG\nyak6JOoKYz3BmjTP9LxqgN8awEP/d0cS08DKjp6O9Bj4qBYdFGR5FurZOdCK9ezu\nTYt31F8YVY/X3KyY6gqFOGUp1p2PoSyud9v/5LyoLaxZeI2H/2oDcE1HhW/sU8mf\nLJYd5UMkDt48b1KVB1LjmgVOIlzTtA==\n-----END PRIVATE KEY-----\n",
            "public_key_fingerprint_md5": "bd:89:08:78:a9:0e:8f:02:cf:39:4d:f4:ef:1a:00:39",
            "public_key_fingerprint_sha256": "SHA256:zGLvL27CnBy97wxjfJMT4mVzOPWc0vKI2xAsD2DF95Q",
            "public_key_openssh": "ssh-rsa AAAAB3NzaC1yc2EAAAADAQABAAACAQClq83Nnv+c+C/9uR62ABSWwcUyWKc7jEmgIFXzK2CIsAAnzbqCaM5QgzXqRwmhti6fPLyYQLcmKw+r2hZAZSF0qRYfPwN2GNJZLvgSQNjOMDz1pevyY8hFd3E4lCpmTrOdElMmau+PuIOwH7FWhixPybm42vO6HQdRWsDe6b3vP/Xt2ozDMjzVeG/fUbpN+NxT4obB3iDKfXv42yDoIbKW20jgSFs6qWuyF6OjQe2LcryrvXMaOr4EKVz7KrzkXbUwwjymBjc+BSQckC9RrKhw065kZo7EoeQsrLIRkKMf0s6o0zBSWpLlSARZSROvtPekmj1aswz9uk6zC29Y1urnuVp6gXz6C0pYVRrPCiSAj3g0Emzx1p/oMzm0X6M8KGDU9JyXJpuenBrmliq+oery1gD03zTZFVP9WDiBv0n5GNOFBFSWTim5T8KLLxtZfpcPluohpu267YamTXYIOJQMdW/Cdp2/6ODwDEPXuFTDw6fxh09brFXQvnpEEfoHP81m1H2Jl8+abjFIhGES1LWJrOvlxBIhEPbQO32ZwjkOZswSTURFbyUeAQQOusYKjEuzQht18LTNNcV5T9P8iJSCEZ1KOHUl7x+2pPYg6iedVmO+IfkvYpRgdTQWno8/bPZ5IxAgjhxdFITElBrXCjDeRHx3+cQ9IUO2zVvWqjpyUw==\n",
            "public_key_pem": "-----BEGIN PUBLIC KEY-----\nMIICIjANBgkqhkiG9w0BAQEFAAOCAg8AMIICCgKCAgEApavNzZ7/nPgv/bketgAU\nlsHFMlinO4xJoCBV8ytgiLAAJ826gmjOUIM16kcJobYunzy8mEC3JisPq9oWQGUh\ndKkWHz8DdhjSWS74EkDYzjA89aXr8mPIRXdxOJQqZk6znRJTJmrvj7iDsB+xVoYs\nT8m5uNrzuh0HUVrA3um97z/17dqMwzI81Xhv31G6TfjcU+KGwd4gyn17+Nsg6CGy\nlttI4EhbOqlrshejo0Hti3K8q71zGjq+BClc+yq85F21MMI8pgY3PgUkHJAvUayo\ncNOuZGaOxKHkLKyyEZCjH9LOqNMwUlqS5UgEWUkTr7T3pJo9WrMM/bpOswtvWNbq\n57laeoF8+gtKWFUazwokgI94NBJs8daf6DM5tF+jPChg1PSclyabnpwa5pYqvqHq\n8tYA9N802RVT/Vg4gb9J+RjThQRUlk4puU/Ciy8bWX6XD5bqIabtuu2Gpk12CDiU\nDHVvwnadv+jg8AxD17hUw8On8YdPW6xV0L56RBH6Bz/NZtR9iZfPmm4xSIRhEtS1\niazr5cQSIRD20Dt9mcI5DmbMEk1ERW8lHgEEDrrGCoxLs0IbdfC0zTXFeU/T/IiU\nghGdSjh1Je8ftqT2IOonnVZjviH5L2KUYHU0Fp6PP2z2eSMQII4cXRSExJQa1wow\n3kR8d/nEPSFDts1b1qo6clMCAwEAAQ==\n-----END PUBLIC KEY-----\n",
            "rsa_bits": 4096
          },
          "sensitive_attributes": []
        }
      ]
    }
  ],
  "check_results": []
}
